github.com/flownerd/keyboard v0.0.0-20200508000154-caf4b762e807 h1:Q3azvqitBwE4RN8aqfRywfDVBxQ14/pGyoHpb9UpqnY=
github.com/flownerd/keyboard v0.0.0-20200508000154-caf4b762e807/go.mod h1:nH9pOw5Nr/pV20jsice4qyUHSDut/rTo2OMYx244Dxk=
golang.org/x/sys v0.0.0-20210823070655-63515b42dcdf h1:2ucpDCmfkl8Bd/FsLtiD653Wf96cW37s+iGx93zsu4k=
golang.org/x/sys v0.0.0-20210823070655-63515b42dcdf/go.mod h1:oPkhp1MJrh7nUepCBck5+mAzfO9JrbApNNgaTdGDITg=
